
Microsoft Visual Studio Solution File, Format Version 12.00
# Visual Studio Version 17
VisualStudioVersion = 17.0.32014.148
MinimumVisualStudioVersion = 10.0.40219.1
Project("{9A19103F-16F7-4668-BE54-9A1E7A4F7556}") = "Library", "Library.csproj", "{E564D01A-836D-4485-BD9A-A6A995E913B5}"
EndProject
Global
	GlobalSection(SolutionConfigurationPlatforms) = preSolution
		Debug|Any CPU = Debug|Any CPU
		Release|Any CPU = Release|Any CPU
	EndGlobalSection
	GlobalSection(ProjectConfigurationPlatforms) = postSolution
		{E564D01A-836D-4485-BD9A-A6A995E913B5}.Debug|Any CPU.ActiveCfg = Debug|Any CPU
		{E564D01A-836D-4485-BD9A-A6A995E913B5}.Debug|Any CPU.Build.0 = Debug|Any CPU
		{E564D01A-836D-4485-BD9A-A6A995E913B5}.Release|Any CPU.ActiveCfg = Release|Any CPU
		{E564D01A-836D-4485-BD9A-A6A995E913B5}.Release|Any CPU.Build.0 = Release|Any CPU
	EndGlobalSection
	GlobalSection(SolutionProperties) = preSolution
		HideSolutionNode = FALSE
	EndGlobalSection
	GlobalSection(ExtensibilityGlobals) = postSolution
		SolutionGuid = {1B47CEAC-4C03-401D-8208-62EA17050980}
	EndGlobalSection
EndGlobal
